// !$*UTF8*$!
{
	archiveVersion = 1;
	classes = {
	};
	objectVersion = 56;
	objects = {

/* Begin PBXBuildFile section */
		9616C1372AA112750004D57E /* Advertisement.swift in Sources */ = {isa = PBXBuildFile; fileRef = 9616C1362AA112750004D57E /* Advertisement.swift */; };
		9616C1392AA112E00004D57E /* Details.swift in Sources */ = {isa = PBXBuildFile; fileRef = 9616C1382AA112E00004D57E /* Details.swift */; };
		96DCD6572A9FA2220033CCB2 /* AppDelegate.swift in Sources */ = {isa = PBXBuildFile; fileRef = 96DCD6562A9FA2220033CCB2 /* AppDelegate.swift */; };
		96DCD6592A9FA2220033CCB2 /* SceneDelegate.swift in Sources */ = {isa = PBXBuildFile; fileRef = 96DCD6582A9FA2220033CCB2 /* SceneDelegate.swift */; };
		96DCD65B2A9FA2220033CCB2 /* MainScreenViewController.swift in Sources */ = {isa = PBXBuildFile; fileRef = 96DCD65A2A9FA2220033CCB2 /* MainScreenViewController.swift */; };
		96DCD6602A9FA2230033CCB2 /* Assets.xcassets in Resources */ = {isa = PBXBuildFile; fileRef = 96DCD65F2A9FA2230033CCB2 /* Assets.xcassets */; };
		96DCD6632A9FA2230033CCB2 /* LaunchScreen.storyboard in Resources */ = {isa = PBXBuildFile; fileRef = 96DCD6612A9FA2230033CCB2 /* LaunchScreen.storyboard */; };
		96DCD68B2A9FDAD00033CCB2 /* AvitoEndpoint.swift in Sources */ = {isa = PBXBuildFile; fileRef = 96DCD68A2A9FDAD00033CCB2 /* AvitoEndpoint.swift */; };
		96DCD68D2A9FDAFE0033CCB2 /* AvitoServiceError.swift in Sources */ = {isa = PBXBuildFile; fileRef = 96DCD68C2A9FDAFE0033CCB2 /* AvitoServiceError.swift */; };
		96DCD6912A9FDB810033CCB2 /* AvitoRequest.swift in Sources */ = {isa = PBXBuildFile; fileRef = 96DCD6902A9FDB810033CCB2 /* AvitoRequest.swift */; };
		96DCD6932A9FEB680033CCB2 /* AvitoServiceImpl.swift in Sources */ = {isa = PBXBuildFile; fileRef = 96DCD6922A9FEB680033CCB2 /* AvitoServiceImpl.swift */; };
		96DCD6952A9FF05B0033CCB2 /* MainScreenViewModel.swift in Sources */ = {isa = PBXBuildFile; fileRef = 96DCD6942A9FF05B0033CCB2 /* MainScreenViewModel.swift */; };
		96DCD6972A9FF0D80033CCB2 /* AvitoService.swift in Sources */ = {isa = PBXBuildFile; fileRef = 96DCD6962A9FF0D80033CCB2 /* AvitoService.swift */; };
		96DCD6992A9FF5B30033CCB2 /* GenericViewController.swift in Sources */ = {isa = PBXBuildFile; fileRef = 96DCD6982A9FF5B30033CCB2 /* GenericViewController.swift */; };
		96DCD69B2A9FF69A0033CCB2 /* MainScreenView.swift in Sources */ = {isa = PBXBuildFile; fileRef = 96DCD69A2A9FF69A0033CCB2 /* MainScreenView.swift */; };
/* End PBXBuildFile section */

/* Begin PBXFileReference section */
		9616C1362AA112750004D57E /* Advertisement.swift */ = {isa = PBXFileReference; lastKnownFileType = sourcecode.swift; path = Advertisement.swift; sourceTree = "<group>"; };
		9616C1382AA112E00004D57E /* Details.swift */ = {isa = PBXFileReference; lastKnownFileType = sourcecode.swift; path = Details.swift; sourceTree = "<group>"; };
		96DCD6532A9FA2220033CCB2 /* Avito Intern Assessment.app */ = {isa = PBXFileReference; explicitFileType = wrapper.application; includeInIndex = 0; path = "Avito Intern Assessment.app"; sourceTree = BUILT_PRODUCTS_DIR; };
		96DCD6562A9FA2220033CCB2 /* AppDelegate.swift */ = {isa = PBXFileReference; lastKnownFileType = sourcecode.swift; path = AppDelegate.swift; sourceTree = "<group>"; };
		96DCD6582A9FA2220033CCB2 /* SceneDelegate.swift */ = {isa = PBXFileReference; lastKnownFileType = sourcecode.swift; path = SceneDelegate.swift; sourceTree = "<group>"; };
		96DCD65A2A9FA2220033CCB2 /* MainScreenViewController.swift */ = {isa = PBXFileReference; lastKnownFileType = sourcecode.swift; path = MainScreenViewController.swift; sourceTree = "<group>"; };
		96DCD65F2A9FA2230033CCB2 /* Assets.xcassets */ = {isa = PBXFileReference; lastKnownFileType = folder.assetcatalog; path = Assets.xcassets; sourceTree = "<group>"; };
		96DCD6622A9FA2230033CCB2 /* Base */ = {isa = PBXFileReference; lastKnownFileType = file.storyboard; name = Base; path = Base.lproj/LaunchScreen.storyboard; sourceTree = "<group>"; };
		96DCD6642A9FA2230033CCB2 /* Info.plist */ = {isa = PBXFileReference; lastKnownFileType = text.plist.xml; path = Info.plist; sourceTree = "<group>"; };
		96DCD68A2A9FDAD00033CCB2 /* AvitoEndpoint.swift */ = {isa = PBXFileReference; lastKnownFileType = sourcecode.swift; path = AvitoEndpoint.swift; sourceTree = "<group>"; };
		96DCD68C2A9FDAFE0033CCB2 /* AvitoServiceError.swift */ = {isa = PBXFileReference; lastKnownFileType = sourcecode.swift; path = AvitoServiceError.swift; sourceTree = "<group>"; };
		96DCD6902A9FDB810033CCB2 /* AvitoRequest.swift */ = {isa = PBXFileReference; lastKnownFileType = sourcecode.swift; path = AvitoRequest.swift; sourceTree = "<group>"; };
		96DCD6922A9FEB680033CCB2 /* AvitoServiceImpl.swift */ = {isa = PBXFileReference; lastKnownFileType = sourcecode.swift; path = AvitoServiceImpl.swift; sourceTree = "<group>"; };
		96DCD6942A9FF05B0033CCB2 /* MainScreenViewModel.swift */ = {isa = PBXFileReference; lastKnownFileType = sourcecode.swift; path = MainScreenViewModel.swift; sourceTree = "<group>"; };
		96DCD6962A9FF0D80033CCB2 /* AvitoService.swift */ = {isa = PBXFileReference; lastKnownFileType = sourcecode.swift; path = AvitoService.swift; sourceTree = "<group>"; };
		96DCD6982A9FF5B30033CCB2 /* GenericViewController.swift */ = {isa = PBXFileReference; lastKnownFileType = sourcecode.swift; path = GenericViewController.swift; sourceTree = "<group>"; };
		96DCD69A2A9FF69A0033CCB2 /* MainScreenView.swift */ = {isa = PBXFileReference; lastKnownFileType = sourcecode.swift; path = MainScreenView.swift; sourceTree = "<group>"; };
/* End PBXFileReference section */

/* Begin PBXFrameworksBuildPhase section */
		96DCD6502A9FA2220033CCB2 /* Frameworks */ = {
			isa = PBXFrameworksBuildPhase;
			buildActionMask = 2147483647;
			files = (
			);
			runOnlyForDeploymentPostprocessing = 0;
		};
/* End PBXFrameworksBuildPhase section */

/* Begin PBXGroup section */
		96DCD64A2A9FA2220033CCB2 = {
			isa = PBXGroup;
			children = (
				96DCD6552A9FA2220033CCB2 /* Avito Intern Assessment */,
				96DCD6542A9FA2220033CCB2 /* Products */,
			);
			sourceTree = "<group>";
		};
		96DCD6542A9FA2220033CCB2 /* Products */ = {
			isa = PBXGroup;
			children = (
				96DCD6532A9FA2220033CCB2 /* Avito Intern Assessment.app */,
			);
			name = Products;
			sourceTree = "<group>";
		};
		96DCD6552A9FA2220033CCB2 /* Avito Intern Assessment */ = {
			isa = PBXGroup;
			children = (
				96DCD67B2A9FD4F40033CCB2 /* Networking */,
				96DCD66E2A9FD3930033CCB2 /* Modules */,
				96DCD66D2A9FD38B0033CCB2 /* Extensions */,
				96DCD66C2A9FD3800033CCB2 /* Helpers */,
				96DCD66B2A9FD3680033CCB2 /* Managers */,
				96DCD66A2A9FD17F0033CCB2 /* Resources */,
			);
			path = "Avito Intern Assessment";
			sourceTree = "<group>";
		};
		96DCD66A2A9FD17F0033CCB2 /* Resources */ = {
			isa = PBXGroup;
			children = (
				96DCD6562A9FA2220033CCB2 /* AppDelegate.swift */,
				96DCD6582A9FA2220033CCB2 /* SceneDelegate.swift */,
				96DCD65F2A9FA2230033CCB2 /* Assets.xcassets */,
				96DCD6612A9FA2230033CCB2 /* LaunchScreen.storyboard */,
				96DCD6642A9FA2230033CCB2 /* Info.plist */,
			);
			path = Resources;
			sourceTree = "<group>";
		};
		96DCD66B2A9FD3680033CCB2 /* Managers */ = {
			isa = PBXGroup;
			children = (
			);
			path = Managers;
			sourceTree = "<group>";
		};
		96DCD66C2A9FD3800033CCB2 /* Helpers */ = {
			isa = PBXGroup;
			children = (
				96DCD6982A9FF5B30033CCB2 /* GenericViewController.swift */,
			);
			path = Helpers;
			sourceTree = "<group>";
		};
		96DCD66D2A9FD38B0033CCB2 /* Extensions */ = {
			isa = PBXGroup;
			children = (
			);
			path = Extensions;
			sourceTree = "<group>";
		};
		96DCD66E2A9FD3930033CCB2 /* Modules */ = {
			isa = PBXGroup;
			children = (
				96DCD66F2A9FD3C10033CCB2 /* MainScreen */,
				96DCD6702A9FD3CA0033CCB2 /* DetailScreen */,
			);
			path = Modules;
			sourceTree = "<group>";
		};
		96DCD66F2A9FD3C10033CCB2 /* MainScreen */ = {
			isa = PBXGroup;
			children = (
				96DCD6722A9FD3DD0033CCB2 /* Models */,
				96DCD6752A9FD4130033CCB2 /* Views */,
				96DCD6762A9FD4180033CCB2 /* ViewModels */,
			);
			path = MainScreen;
			sourceTree = "<group>";
		};
		96DCD6702A9FD3CA0033CCB2 /* DetailScreen */ = {
			isa = PBXGroup;
			children = (
				96DCD6822A9FD71F0033CCB2 /* Assembly */,
				96DCD6712A9FD3D70033CCB2 /* Models */,
				96DCD6732A9FD3F40033CCB2 /* Views */,
				96DCD6742A9FD3FF0033CCB2 /* ViewModels */,
			);
			path = DetailScreen;
			sourceTree = "<group>";
		};
		96DCD6712A9FD3D70033CCB2 /* Models */ = {
			isa = PBXGroup;
			children = (
				9616C1382AA112E00004D57E /* Details.swift */,
			);
			path = Models;
			sourceTree = "<group>";
		};
		96DCD6722A9FD3DD0033CCB2 /* Models */ = {
			isa = PBXGroup;
			children = (
				9616C1362AA112750004D57E /* Advertisement.swift */,
			);
			path = Models;
			sourceTree = "<group>";
		};
		96DCD6732A9FD3F40033CCB2 /* Views */ = {
			isa = PBXGroup;
			children = (
			);
			path = Views;
			sourceTree = "<group>";
		};
		96DCD6742A9FD3FF0033CCB2 /* ViewModels */ = {
			isa = PBXGroup;
			children = (
			);
			path = ViewModels;
			sourceTree = "<group>";
		};
		96DCD6752A9FD4130033CCB2 /* Views */ = {
			isa = PBXGroup;
			children = (
				96DCD65A2A9FA2220033CCB2 /* MainScreenViewController.swift */,
				96DCD69A2A9FF69A0033CCB2 /* MainScreenView.swift */,
			);
			path = Views;
			sourceTree = "<group>";
		};
		96DCD6762A9FD4180033CCB2 /* ViewModels */ = {
			isa = PBXGroup;
			children = (
				96DCD6942A9FF05B0033CCB2 /* MainScreenViewModel.swift */,
			);
			path = ViewModels;
			sourceTree = "<group>";
		};
		96DCD67B2A9FD4F40033CCB2 /* Networking */ = {
			isa = PBXGroup;
			children = (
				96DCD67F2A9FD5250033CCB2 /* Service */,
				96DCD6802A9FD53A0033CCB2 /* Misc */,
			);
			path = Networking;
			sourceTree = "<group>";
		};
		96DCD67F2A9FD5250033CCB2 /* Service */ = {
			isa = PBXGroup;
			children = (
				96DCD6962A9FF0D80033CCB2 /* AvitoService.swift */,
				96DCD6922A9FEB680033CCB2 /* AvitoServiceImpl.swift */,
			);
			path = Service;
			sourceTree = "<group>";
		};
		96DCD6802A9FD53A0033CCB2 /* Misc */ = {
			isa = PBXGroup;
			children = (
				96DCD68C2A9FDAFE0033CCB2 /* AvitoServiceError.swift */,
				96DCD68A2A9FDAD00033CCB2 /* AvitoEndpoint.swift */,
				96DCD6902A9FDB810033CCB2 /* AvitoRequest.swift */,
			);
			path = Misc;
			sourceTree = "<group>";
		};
		96DCD6822A9FD71F0033CCB2 /* Assembly */ = {
			isa = PBXGroup;
			children = (
			);
			path = Assembly;
			sourceTree = "<group>";
		};
/* End PBXGroup section */

/* Begin PBXNativeTarget section */
		96DCD6522A9FA2220033CCB2 /* Avito Intern Assessment */ = {
			isa = PBXNativeTarget;
			buildConfigurationList = 96DCD6672A9FA2230033CCB2 /* Build configuration list for PBXNativeTarget "Avito Intern Assessment" */;
			buildPhases = (
				96DCD64F2A9FA2220033CCB2 /* Sources */,
				96DCD6502A9FA2220033CCB2 /* Frameworks */,
				96DCD6512A9FA2220033CCB2 /* Resources */,
			);
			buildRules = (
			);
			dependencies = (
			);
			name = "Avito Intern Assessment";
			productName = "Avito Intern Assessment";
			productReference = 96DCD6532A9FA2220033CCB2 /* Avito Intern Assessment.app */;
			productType = "com.apple.product-type.application";
		};
/* End PBXNativeTarget section */

/* Begin PBXProject section */
		96DCD64B2A9FA2220033CCB2 /* Project object */ = {
			isa = PBXProject;
			attributes = {
				BuildIndependentTargetsInParallel = 1;
				LastSwiftUpdateCheck = 1420;
				LastUpgradeCheck = 1420;
				TargetAttributes = {
					96DCD6522A9FA2220033CCB2 = {
						CreatedOnToolsVersion = 14.2;
					};
				};
			};
			buildConfigurationList = 96DCD64E2A9FA2220033CCB2 /* Build configuration list for PBXProject "Avito Intern Assessment" */;
			compatibilityVersion = "Xcode 14.0";
			developmentRegion = en;
			hasScannedForEncodings = 0;
			knownRegions = (
				en,
				Base,
			);
			mainGroup = 96DCD64A2A9FA2220033CCB2;
			productRefGroup = 96DCD6542A9FA2220033CCB2 /* Products */;
			projectDirPath = "";
			projectRoot = "";
			targets = (
				96DCD6522A9FA2220033CCB2 /* Avito Intern Assessment */,
			);
		};
/* End PBXProject section */

/* Begin PBXResourcesBuildPhase section */
		96DCD6512A9FA2220033CCB2 /* Resources */ = {
			isa = PBXResourcesBuildPhase;
			buildActionMask = 2147483647;
			files = (
				96DCD6632A9FA2230033CCB2 /* LaunchScreen.storyboard in Resources */,
				96DCD6602A9FA2230033CCB2 /* Assets.xcassets in Resources */,
			);
			runOnlyForDeploymentPostprocessing = 0;
		};
/* End PBXResourcesBuildPhase section */

/* Begin PBXSourcesBuildPhase section */
		96DCD64F2A9FA2220033CCB2 /* Sources */ = {
			isa = PBXSourcesBuildPhase;
			buildActionMask = 2147483647;
			files = (
				96DCD6932A9FEB680033CCB2 /* AvitoServiceImpl.swift in Sources */,
				96DCD68B2A9FDAD00033CCB2 /* AvitoEndpoint.swift in Sources */,
				96DCD6992A9FF5B30033CCB2 /* GenericViewController.swift in Sources */,
				96DCD65B2A9FA2220033CCB2 /* MainScreenViewController.swift in Sources */,
				96DCD6572A9FA2220033CCB2 /* AppDelegate.swift in Sources */,
				9616C1372AA112750004D57E /* Advertisement.swift in Sources */,
				96DCD6972A9FF0D80033CCB2 /* AvitoService.swift in Sources */,
				96DCD6912A9FDB810033CCB2 /* AvitoRequest.swift in Sources */,
				9616C1392AA112E00004D57E /* Details.swift in Sources */,
				96DCD69B2A9FF69A0033CCB2 /* MainScreenView.swift in Sources */,
				96DCD6952A9FF05B0033CCB2 /* MainScreenViewModel.swift in Sources */,
				96DCD68D2A9FDAFE0033CCB2 /* AvitoServiceError.swift in Sources */,
				96DCD6592A9FA2220033CCB2 /* SceneDelegate.swift in Sources */,
			);
			runOnlyForDeploymentPostprocessing = 0;
		};
/* End PBXSourcesBuildPhase section */

/* Begin PBXVariantGroup section */
		96DCD6612A9FA2230033CCB2 /* LaunchScreen.storyboard */ = {
			isa = PBXVariantGroup;
			children = (
				96DCD6622A9FA2230033CCB2 /* Base */,
			);
			name = LaunchScreen.storyboard;
			sourceTree = "<group>";
		};
/* End PBXVariantGroup section */

/* Begin XCBuildConfiguration section */
		96DCD6652A9FA2230033CCB2 /* Debug */ = {
			isa = XCBuildConfiguration;
			buildSettings = {
				ALWAYS_SEARCH_USER_PATHS = NO;
				CLANG_ANALYZER_NONNULL = YES;
				CLANG_ANALYZER_NUMBER_OBJECT_CONVERSION = YES_AGGRESSIVE;
				CLANG_CXX_LANGUAGE_STANDARD = "gnu++20";
				CLANG_ENABLE_MODULES = YES;
				CLANG_ENABLE_OBJC_ARC = YES;
				CLANG_ENABLE_OBJC_WEAK = YES;
				CLANG_WARN_BLOCK_CAPTURE_AUTORELEASING = YES;
				CLANG_WARN_BOOL_CONVERSION = YES;
				CLANG_WARN_COMMA = YES;
				CLANG_WARN_CONSTANT_CONVERSION = YES;
				CLANG_WARN_DEPRECATED_OBJC_IMPLEMENTATIONS = YES;
				CLANG_WARN_DIRECT_OBJC_ISA_USAGE = YES_ERROR;
				CLANG_WARN_DOCUMENTATION_COMMENTS = YES;
				CLANG_WARN_EMPTY_BODY = YES;
				CLANG_WARN_ENUM_CONVERSION = YES;
				CLANG_WARN_INFINITE_RECURSION = YES;
				CLANG_WARN_INT_CONVERSION = YES;
				CLANG_WARN_NON_LITERAL_NULL_CONVERSION = YES;
				CLANG_WARN_OBJC_IMPLICIT_RETAIN_SELF = YES;
				CLANG_WARN_OBJC_LITERAL_CONVERSION = YES;
				CLANG_WARN_OBJC_ROOT_CLASS = YES_ERROR;
				CLANG_WARN_QUOTED_INCLUDE_IN_FRAMEWORK_HEADER = YES;
				CLANG_WARN_RANGE_LOOP_ANALYSIS = YES;
				CLANG_WARN_STRICT_PROTOTYPES = YES;
				CLANG_WARN_SUSPICIOUS_MOVE = YES;
				CLANG_WARN_UNGUARDED_AVAILABILITY = YES_AGGRESSIVE;
				CLANG_WARN_UNREACHABLE_CODE = YES;
				CLANG_WARN__DUPLICATE_METHOD_MATCH = YES;
				COPY_PHASE_STRIP = NO;
				DEBUG_INFORMATION_FORMAT = dwarf;
				ENABLE_STRICT_OBJC_MSGSEND = YES;
				ENABLE_TESTABILITY = YES;
				GCC_C_LANGUAGE_STANDARD = gnu11;
				GCC_DYNAMIC_NO_PIC = NO;
				GCC_NO_COMMON_BLOCKS = YES;
				GCC_OPTIMIZATION_LEVEL = 0;
				GCC_PREPROCESSOR_DEFINITIONS = (
					"DEBUG=1",
					"$(inherited)",
				);
				GCC_WARN_64_TO_32_BIT_CONVERSION = YES;
				GCC_WARN_ABOUT_RETURN_TYPE = YES_ERROR;
				GCC_WARN_UNDECLARED_SELECTOR = YES;
				GCC_WARN_UNINITIALIZED_AUTOS = YES_AGGRESSIVE;
				GCC_WARN_UNUSED_FUNCTION = YES;
				GCC_WARN_UNUSED_VARIABLE = YES;
				IPHONEOS_DEPLOYMENT_TARGET = 16.2;
				MTL_ENABLE_DEBUG_INFO = INCLUDE_SOURCE;
				MTL_FAST_MATH = YES;
				ONLY_ACTIVE_ARCH = YES;
				SDKROOT = iphoneos;
				SWIFT_ACTIVE_COMPILATION_CONDITIONS = DEBUG;
				SWIFT_OPTIMIZATION_LEVEL = "-Onone";
			};
			name = Debug;
		};
		96DCD6662A9FA2230033CCB2 /* Release */ = {
			isa = XCBuildConfiguration;
			buildSettings = {
				ALWAYS_SEARCH_USER_PATHS = NO;
				CLANG_ANALYZER_NONNULL = YES;
				CLANG_ANALYZER_NUMBER_OBJECT_CONVERSION = YES_AGGRESSIVE;
				CLANG_CXX_LANGUAGE_STANDARD = "gnu++20";
				CLANG_ENABLE_MODULES = YES;
				CLANG_ENABLE_OBJC_ARC = YES;
				CLANG_ENABLE_OBJC_WEAK = YES;
				CLANG_WARN_BLOCK_CAPTURE_AUTORELEASING = YES;
				CLANG_WARN_BOOL_CONVERSION = YES;
				CLANG_WARN_COMMA = YES;
				CLANG_WARN_CONSTANT_CONVERSION = YES;
				CLANG_WARN_DEPRECATED_OBJC_IMPLEMENTATIONS = YES;
				CLANG_WARN_DIRECT_OBJC_ISA_USAGE = YES_ERROR;
				CLANG_WARN_DOCUMENTATION_COMMENTS = YES;
				CLANG_WARN_EMPTY_BODY = YES;
				CLANG_WARN_ENUM_CONVERSION = YES;
				CLANG_WARN_INFINITE_RECURSION = YES;
				CLANG_WARN_INT_CONVERSION = YES;
				CLANG_WARN_NON_LITERAL_NULL_CONVERSION = YES;
				CLANG_WARN_OBJC_IMPLICIT_RETAIN_SELF = YES;
				CLANG_WARN_OBJC_LITERAL_CONVERSION = YES;
				CLANG_WARN_OBJC_ROOT_CLASS = YES_ERROR;
				CLANG_WARN_QUOTED_INCLUDE_IN_FRAMEWORK_HEADER = YES;
				CLANG_WARN_RANGE_LOOP_ANALYSIS = YES;
				CLANG_WARN_STRICT_PROTOTYPES = YES;
				CLANG_WARN_SUSPICIOUS_MOVE = YES;
				CLANG_WARN_UNGUARDED_AVAILABILITY = YES_AGGRESSIVE;
				CLANG_WARN_UNREACHABLE_CODE = YES;
				CLANG_WARN__DUPLICATE_METHOD_MATCH = YES;
				COPY_PHASE_STRIP = NO;
				DEBUG_INFORMATION_FORMAT = "dwarf-with-dsym";
				ENABLE_NS_ASSERTIONS = NO;
				ENABLE_STRICT_OBJC_MSGSEND = YES;
				GCC_C_LANGUAGE_STANDARD = gnu11;
				GCC_NO_COMMON_BLOCKS = YES;
				GCC_WARN_64_TO_32_BIT_CONVERSION = YES;
				GCC_WARN_ABOUT_RETURN_TYPE = YES_ERROR;
				GCC_WARN_UNDECLARED_SELECTOR = YES;
				GCC_WARN_UNINITIALIZED_AUTOS = YES_AGGRESSIVE;
				GCC_WARN_UNUSED_FUNCTION = YES;
				GCC_WARN_UNUSED_VARIABLE = YES;
				IPHONEOS_DEPLOYMENT_TARGET = 16.2;
				MTL_ENABLE_DEBUG_INFO = NO;
				MTL_FAST_MATH = YES;
				SDKROOT = iphoneos;
				SWIFT_COMPILATION_MODE = wholemodule;
				SWIFT_OPTIMIZATION_LEVEL = "-O";
				VALIDATE_PRODUCT = YES;
			};
			name = Release;
		};
		96DCD6682A9FA2230033CCB2 /* Debug */ = {
			isa = XCBuildConfiguration;
			buildSettings = {
				ASSETCATALOG_COMPILER_APPICON_NAME = AppIcon;
				ASSETCATALOG_COMPILER_GLOBAL_ACCENT_COLOR_NAME = AccentColor;
				CODE_SIGN_STYLE = Automatic;
				CURRENT_PROJECT_VERSION = 1;
				DEVELOPMENT_TEAM = Y5WSGR4QBW;
				GENERATE_INFOPLIST_FILE = YES;
				INFOPLIST_FILE = "Avito Intern Assessment/Resources/Info.plist";
				INFOPLIST_KEY_UIApplicationSupportsIndirectInputEvents = YES;
				INFOPLIST_KEY_UILaunchStoryboardName = LaunchScreen;
				INFOPLIST_KEY_UISupportedInterfaceOrientations_iPad = "UIInterfaceOrientationPortrait UIInterfaceOrientationPortraitUpsideDown UIInterfaceOrientationLandscapeLeft UIInterfaceOrientationLandscapeRight";
				INFOPLIST_KEY_UISupportedInterfaceOrientations_iPhone = "UIInterfaceOrientationPortrait UIInterfaceOrientationLandscapeLeft UIInterfaceOrientationLandscapeRight";
				IPHONEOS_DEPLOYMENT_TARGET = 16.0;
				LD_RUNPATH_SEARCH_PATHS = (
					"$(inherited)",
					"@executable_path/Frameworks",
				);
				MARKETING_VERSION = 1.0;
				PRODUCT_BUNDLE_IDENTIFIER = "com.antonkh.Avito-Intern-Assessment";
				PRODUCT_NAME = "$(TARGET_NAME)";
				SWIFT_EMIT_LOC_STRINGS = YES;
				SWIFT_VERSION = 5.0;
				TARGETED_DEVICE_FAMILY = "1,2";
			};
			name = Debug;
		};
		96DCD6692A9FA2230033CCB2 /* Release */ = {
			isa = XCBuildConfiguration;
			buildSettings = {
				ASSETCATALOG_COMPILER_APPICON_NAME = AppIcon;
				ASSETCATALOG_COMPILER_GLOBAL_ACCENT_COLOR_NAME = AccentColor;
				CODE_SIGN_STYLE = Automatic;
				CURRENT_PROJECT_VERSION = 1;
				DEVELOPMENT_TEAM = Y5WSGR4QBW;
				GENERATE_INFOPLIST_FILE = YES;
				INFOPLIST_FILE = "Avito Intern Assessment/Resources/Info.plist";
				INFOPLIST_KEY_UIApplicationSupportsIndirectInputEvents = YES;
				INFOPLIST_KEY_UILaunchStoryboardName = LaunchScreen;
				INFOPLIST_KEY_UISupportedInterfaceOrientations_iPad = "UIInterfaceOrientationPortrait UIInterfaceOrientationPortraitUpsideDown UIInterfaceOrientationLandscapeLeft UIInterfaceOrientationLandscapeRight";
				INFOPLIST_KEY_UISupportedInterfaceOrientations_iPhone = "UIInterfaceOrientationPortrait UIInterfaceOrientationLandscapeLeft UIInterfaceOrientationLandscapeRight";
				IPHONEOS_DEPLOYMENT_TARGET = 16.0;
				LD_RUNPATH_SEARCH_PATHS = (
					"$(inherited)",
					"@executable_path/Frameworks",
				);
				MARKETING_VERSION = 1.0;
				PRODUCT_BUNDLE_IDENTIFIER = "com.antonkh.Avito-Intern-Assessment";
				PRODUCT_NAME = "$(TARGET_NAME)";
				SWIFT_EMIT_LOC_STRINGS = YES;
				SWIFT_VERSION = 5.0;
				TARGETED_DEVICE_FAMILY = "1,2";
			};
			name = Release;
		};
/* End XCBuildConfiguration section */

/* Begin XCConfigurationList section */
		96DCD64E2A9FA2220033CCB2 /* Build configuration list for PBXProject "Avito Intern Assessment" */ = {
			isa = XCConfigurationList;
			buildConfigurations = (
				96DCD6652A9FA2230033CCB2 /* Debug */,
				96DCD6662A9FA2230033CCB2 /* Release */,
			);
			defaultConfigurationIsVisible = 0;
			defaultConfigurationName = Release;
		};
		96DCD6672A9FA2230033CCB2 /* Build configuration list for PBXNativeTarget "Avito Intern Assessment" */ = {
			isa = XCConfigurationList;
			buildConfigurations = (
				96DCD6682A9FA2230033CCB2 /* Debug */,
				96DCD6692A9FA2230033CCB2 /* Release */,
			);
			defaultConfigurationIsVisible = 0;
			defaultConfigurationName = Release;
		};
/* End XCConfigurationList section */
	};
	rootObject = 96DCD64B2A9FA2220033CCB2 /* Project object */;
}
